# This file is automatically @generated by Cargo.
# It is not intended for manual editing.
version = 3

[[package]]
name = "crossbeam-deque"
version = "0.8.5"
source = "registry+https://github.com/rust-lang/crates.io-index"
checksum = "613f8cc01fe9cf1a3eb3d7f488fd2fa8388403e97039e2f73692932e291a770d"
dependencies = [
 "crossbeam-epoch",
 "crossbeam-utils",
]

[[package]]
name = "crossbeam-epoch"
version = "0.9.18"
source = "registry+https://github.com/rust-lang/crates.io-index"
checksum = "5b82ac4a3c2ca9c3460964f020e1402edd5753411d7737aa39c3714ad1b5420e"
dependencies = [
 "crossbeam-utils",
]

[[package]]
name = "crossbeam-utils"
version = "0.8.20"
source = "registry+https://github.com/rust-lang/crates.io-index"
checksum = "22ec99545bb0ed0ea7bb9b8e1e9122ea386ff8a48c0922e43f36d45ab09e0e80"

[[package]]
name = "ctor"
version = "0.2.8"
source = "registry+https://github.com/rust-lang/crates.io-index"
checksum = "edb49164822f3ee45b17acd4a208cfc1251410cf0cad9a833234c9890774dd9f"
dependencies = [
 "quote",
 "syn",
]

[[package]]
name = "either"
version = "1.13.0"
source = "registry+https://github.com/rust-lang/crates.io-index"
checksum = "60b1af1c220855b6ceac025d3f6ecdd2b7c4894bfe9cd9bda4fbb4bc7c0d4cf0"

[[package]]
name = "extendr-api"
version = "0.7.1"
source = "registry+https://github.com/rust-lang/crates.io-index"
checksum = "67505d96c7faa49d20e749dba7ba2447db52c40a788fd88cc2b6bef02c02277a"
dependencies = [
 "extendr-macros",
 "libR-sys",
 "once_cell",
 "paste",
]

[[package]]
name = "extendr-engine"
version = "0.7.1"
source = "registry+https://github.com/rust-lang/crates.io-index"
checksum = "80a5e4f65b235938728b67b17f66bd43520f8f5eae9c143f25f01916fe3eea9f"
dependencies = [
 "ctor",
 "libR-sys",
]

[[package]]
name = "extendr-macros"
version = "0.7.1"
source = "registry+https://github.com/rust-lang/crates.io-index"
checksum = "81b58838056f294411d0b2c35ac1a2b24c507d6828b75f2c1e74f00ee9b99267"
dependencies = [
 "proc-macro2",
 "quote",
 "syn",
]

[[package]]
name = "libR-sys"
version = "0.7.1"
source = "registry+https://github.com/rust-lang/crates.io-index"
checksum = "06ac9752bc1e83f5a354a62b9e81bd8db4468b1008e29f262441e7f0e91e6bb3"

[[package]]
name = "mdl"
version = "0.1.0"
dependencies = [
 "extendr-api",
 "extendr-engine",
 "rayon",
]

[[package]]
name = "once_cell"
version = "1.19.0"
source = "registry+https://github.com/rust-lang/crates.io-index"
checksum = "3fdb12b2476b595f9358c5161aa467c2438859caa136dec86c26fdd2efe17b92"

[[package]]
name = "paste"
version = "1.0.15"
source = "registry+https://github.com/rust-lang/crates.io-index"
checksum = "57c0d7b74b563b49d38dae00a0c37d4d6de9b432382b2892f0574ddcae73fd0a"

[[package]]
name = "proc-macro2"
version = "1.0.86"
source = "registry+https://github.com/rust-lang/crates.io-index"
checksum = "5e719e8df665df0d1c8fbfd238015744736151d4445ec0836b8e628aae103b77"
dependencies = [
 "unicode-ident",
]

[[package]]
name = "quote"
version = "1.0.37"
source = "registry+https://github.com/rust-lang/crates.io-index"
checksum = "b5b9d34b8991d19d98081b46eacdd8eb58c6f2b201139f7c5f643cc155a633af"
dependencies = [
 "proc-macro2",
]

[[package]]
name = "rayon"
version = "1.10.0"
source = "registry+https://github.com/rust-lang/crates.io-index"
checksum = "b418a60154510ca1a002a752ca9714984e21e4241e804d32555251faf8b78ffa"
dependencies = [
 "either",
 "rayon-core",
]

[[package]]
name = "rayon-core"
version = "1.12.1"
source = "registry+https://github.com/rust-lang/crates.io-index"
checksum = "1465873a3dfdaa8ae7cb14b4383657caab0b3e8a0aa9ae8e04b044854c8dfce2"
dependencies = [
 "crossbeam-deque",
 "crossbeam-utils",
]

[[package]]
name = "syn"
version = "2.0.77"
source = "registry+https://github.com/rust-lang/crates.io-index"
checksum = "9f35bcdf61fd8e7be6caf75f429fdca8beb3ed76584befb503b1569faee373ed"
dependencies = [
 "proc-macro2",
 "quote",
 "unicode-ident",
]

[[package]]
name = "unicode-ident"
version = "1.0.12"
source = "registry+https://github.com/rust-lang/crates.io-index"
checksum = "3354b9ac3fae1ff6755cb6db53683adb661634f67557942dea4facebec0fee4b"
